
Microsoft Visual Studio Solution File, Format Version 12.00
# Visual Studio Version 17
VisualStudioVersion = 17.3.32804.467
MinimumVisualStudioVersion = 10.0.40219.1
Project("{FAE04EC0-301F-11D3-BF4B-00C04F79EFBC}") = "Loops", "Loops\Loops.csproj", "{458FB183-5E87-4650-8CF8-F539C9FC79A2}"
EndProject
Global
	GlobalSection(SolutionConfigurationPlatforms) = preSolution
		Debug|Any CPU = Debug|Any CPU
		Release|Any CPU = Release|Any CPU
	EndGlobalSection
	GlobalSection(ProjectConfigurationPlatforms) = postSolution
		{458FB183-5E87-4650-8CF8-F539C9FC79A2}.Debug|Any CPU.ActiveCfg = Debug|Any CPU
		{458FB183-5E87-4650-8CF8-F539C9FC79A2}.Debug|Any CPU.Build.0 = Debug|Any CPU
		{458FB183-5E87-4650-8CF8-F539C9FC79A2}.Release|Any CPU.ActiveCfg = Release|Any CPU
		{458FB183-5E87-4650-8CF8-F539C9FC79A2}.Release|Any CPU.Build.0 = Release|Any CPU
	EndGlobalSection
	GlobalSection(SolutionProperties) = preSolution
		HideSolutionNode = FALSE
	EndGlobalSection
	GlobalSection(ExtensibilityGlobals) = postSolution
		SolutionGuid = {2B515D66-82C1-47B2-A2F9-3AA2352D7C2C}
	EndGlobalSection
EndGlobal
